
Microsoft Visual Studio Solution File, Format Version 12.00
# Visual Studio Version 17
VisualStudioVersion = 17.6.33712.159
MinimumVisualStudioVersion = 10.0.40219.1
Project("{FAE04EC0-301F-11D3-BF4B-00C04F79EFBC}") = "Commander", "LearnNETCoreAPI\Commander.csproj", "{8F5B19B6-7897-4170-ADF0-F33FA194893C}"
EndProject
Global
	GlobalSection(SolutionConfigurationPlatforms) = preSolution
		Debug|Any CPU = Debug|Any CPU
		Release|Any CPU = Release|Any CPU
	EndGlobalSection
	GlobalSection(ProjectConfigurationPlatforms) = postSolution
		{8F5B19B6-7897-4170-ADF0-F33FA194893C}.Debug|Any CPU.ActiveCfg = Debug|Any CPU
		{8F5B19B6-7897-4170-ADF0-F33FA194893C}.Debug|Any CPU.Build.0 = Debug|Any CPU
		{8F5B19B6-7897-4170-ADF0-F33FA194893C}.Release|Any CPU.ActiveCfg = Release|Any CPU
		{8F5B19B6-7897-4170-ADF0-F33FA194893C}.Release|Any CPU.Build.0 = Release|Any CPU
	EndGlobalSection
	GlobalSection(SolutionProperties) = preSolution
		HideSolutionNode = FALSE
	EndGlobalSection
	GlobalSection(ExtensibilityGlobals) = postSolution
		SolutionGuid = {439DA0B7-594E-4F7C-AB47-B20D49C20D0D}
	EndGlobalSection
EndGlobal
